<?xml version="1.0" encoding="UTF-8"?>
<Scheme
   LastUpgradeVersion = "1130"
   version = "1.3">
   <BuildAction
      parallelizeBuildables = "YES"
      buildImplicitDependencies = "YES">
      <BuildActionEntries>
         <BuildActionEntry
            buildForTesting = "YES"
            buildForRunning = "YES"
            buildForProfiling = "YES"
            buildForArchiving = "YES"
            buildForAnalyzing = "YES">
            <BuildableReference
               BuildableIdentifier = "primary"
               BlueprintIdentifier = "BA0843E6CC9B4E6FA1B79920"
               BuildableName = "libFCKBlockCaptureStrongSelfRule.dylib"
               BlueprintName = "FCKBlockCaptureStrongSelfRule"
               ReferencedContainer = "container:../oclint-xcodeproject/OCLINT_RULES.xcodeproj">
            </BuildableReference>
         </BuildActionEntry>
      </BuildActionEntries>
   </BuildAction>
   <TestAction
      buildConfiguration = "Debug"
      selectedDebuggerIdentifier = "Xcode.DebuggerFoundation.Debugger.LLDB"
      selectedLauncherIdentifier = "Xcode.DebuggerFoundation.Launcher.LLDB"
      shouldUseLaunchSchemeArgsEnv = "YES">
      <Testables>
      </Testables>
   </TestAction>
   <LaunchAction
      buildConfiguration = "Debug"
      selectedDebuggerIdentifier = "Xcode.DebuggerFoundation.Debugger.LLDB"
      selectedLauncherIdentifier = "Xcode.DebuggerFoundation.Launcher.LLDB"
      launchStyle = "0"
      useCustomWorkingDirectory = "NO"
      ignoresPersistentStateOnLaunch = "NO"
      debugDocumentVersioning = "YES"
      debugServiceExtension = "internal"
      allowLocationSimulation = "YES">
      <PathRunnable
         runnableDebuggingMode = "0"
         FilePath = "/Users/zhiyangfu/Workspace/iOS/projects/oclint/build/oclint-release/bin/oclintexe">
      </PathRunnable>
      <CommandLineArguments>
         <CommandLineArgument
            argument = "-R /Users/zhiyangfu/Workspace/iOS/projects/oclint/oclint-xcodeproject/rules.dl/Debug /Users/zhiyangfu/Workspace/iOS/projects/oclint/oclint-rules-test/OCLintTest/OCLintTest/TestBlock.m  -- -x objective-c -fobjc-arc&#10;-isystem /Users/zhiyangfu/Workspace/iOS/projects/oclint/build/oclint-release/lib/clang/7.0.0/include&#10;-iframework /Applications/Xcode.app/Contents/Developer/Platforms/iPhoneSimulator.platform/Developer/SDKs/iPhoneSimulator.sdk/System/Library/Frameworks&#10;-isystem /Applications/Xcode.app/Contents/Developer/Platforms/iPhoneSimulator.platform/Developer/SDKs/iPhoneSimulator.sdk/usr/include"
            isEnabled = "YES">
         </CommandLineArgument>
      </CommandLineArguments>
   </LaunchAction>
   <ProfileAction
      buildConfiguration = "Release"
      shouldUseLaunchSchemeArgsEnv = "YES"
      savedToolIdentifier = ""
      useCustomWorkingDirectory = "NO"
      debugDocumentVersioning = "YES">
      <MacroExpansion>
         <BuildableReference
            BuildableIdentifier = "primary"
            BlueprintIdentifier = "BA0843E6CC9B4E6FA1B79920"
            BuildableName = "libFCKBlockCaptureStrongSelfRule.dylib"
            BlueprintName = "FCKBlockCaptureStrongSelfRule"
            ReferencedContainer = "container:../oclint-xcodeproject/OCLINT_RULES.xcodeproj">
         </BuildableReference>
      </MacroExpansion>
   </ProfileAction>
   <AnalyzeAction
      buildConfiguration = "Debug">
   </AnalyzeAction>
   <ArchiveAction
      buildConfiguration = "Release"
      revealArchiveInOrganizer = "YES">
   </ArchiveAction>
</Scheme>
