// !$*UTF8*$!
{
	archiveVersion = 1;
	classes = {
	};
	objectVersion = 50;
	objects = {

/* Begin PBXAggregateTarget section */
		A482B5E221F3583600E9DD4F /* oclint */ = {
			isa = PBXAggregateTarget;
			buildConfigurationList = A482B5E321F3583600E9DD4F /* Build configuration list for PBXAggregateTarget "oclint" */;
			buildPhases = (
				A482B5E621F3583E00E9DD4F /* ShellScript */,
			);
			dependencies = (
			);
			name = oclint;
			productName = oclint;
		};
/* End PBXAggregateTarget section */

/* Begin PBXBuildFile section */
		A482B5D021F3582100E9DD4F /* AppDelegate.m in Sources */ = {isa = PBXBuildFile; fileRef = A482B5CF21F3582100E9DD4F /* AppDelegate.m */; };
		A482B5D321F3582100E9DD4F /* ViewController.m in Sources */ = {isa = PBXBuildFile; fileRef = A482B5D221F3582100E9DD4F /* ViewController.m */; };
		A482B5D521F3582200E9DD4F /* Assets.xcassets in Resources */ = {isa = PBXBuildFile; fileRef = A482B5D421F3582200E9DD4F /* Assets.xcassets */; };
		A482B5D821F3582200E9DD4F /* Main.storyboard in Resources */ = {isa = PBXBuildFile; fileRef = A482B5D621F3582200E9DD4F /* Main.storyboard */; };
		A482B5DB21F3582200E9DD4F /* main.m in Sources */ = {isa = PBXBuildFile; fileRef = A482B5DA21F3582200E9DD4F /* main.m */; };
		A482B5EC21F36EFF00E9DD4F /* TestViewModel.m in Sources */ = {isa = PBXBuildFile; fileRef = A482B5EB21F36EFF00E9DD4F /* TestViewModel.m */; };
/* End PBXBuildFile section */

/* Begin PBXFileReference section */
		A482B5CB21F3582100E9DD4F /* OCLintTest.app */ = {isa = PBXFileReference; explicitFileType = wrapper.application; includeInIndex = 0; path = OCLintTest.app; sourceTree = BUILT_PRODUCTS_DIR; };
		A482B5CE21F3582100E9DD4F /* AppDelegate.h */ = {isa = PBXFileReference; lastKnownFileType = sourcecode.c.h; path = AppDelegate.h; sourceTree = "<group>"; };
		A482B5CF21F3582100E9DD4F /* AppDelegate.m */ = {isa = PBXFileReference; lastKnownFileType = sourcecode.c.objc; path = AppDelegate.m; sourceTree = "<group>"; };
		A482B5D121F3582100E9DD4F /* ViewController.h */ = {isa = PBXFileReference; lastKnownFileType = sourcecode.c.h; path = ViewController.h; sourceTree = "<group>"; };
		A482B5D221F3582100E9DD4F /* ViewController.m */ = {isa = PBXFileReference; lastKnownFileType = sourcecode.c.objc; path = ViewController.m; sourceTree = "<group>"; };
		A482B5D421F3582200E9DD4F /* Assets.xcassets */ = {isa = PBXFileReference; lastKnownFileType = folder.assetcatalog; path = Assets.xcassets; sourceTree = "<group>"; };
		A482B5D721F3582200E9DD4F /* Base */ = {isa = PBXFileReference; lastKnownFileType = file.storyboard; name = Base; path = Base.lproj/Main.storyboard; sourceTree = "<group>"; };
		A482B5D921F3582200E9DD4F /* Info.plist */ = {isa = PBXFileReference; lastKnownFileType = text.plist.xml; path = Info.plist; sourceTree = "<group>"; };
		A482B5DA21F3582200E9DD4F /* main.m */ = {isa = PBXFileReference; lastKnownFileType = sourcecode.c.objc; path = main.m; sourceTree = "<group>"; };
		A482B5DC21F3582200E9DD4F /* OCLintTest.entitlements */ = {isa = PBXFileReference; lastKnownFileType = text.plist.entitlements; path = OCLintTest.entitlements; sourceTree = "<group>"; };
		A482B5EA21F36EFF00E9DD4F /* TestViewModel.h */ = {isa = PBXFileReference; lastKnownFileType = sourcecode.c.h; path = TestViewModel.h; sourceTree = "<group>"; };
		A482B5EB21F36EFF00E9DD4F /* TestViewModel.m */ = {isa = PBXFileReference; lastKnownFileType = sourcecode.c.objc; path = TestViewModel.m; sourceTree = "<group>"; };
/* End PBXFileReference section */

/* Begin PBXFrameworksBuildPhase section */
		A482B5C821F3582100E9DD4F /* Frameworks */ = {
			isa = PBXFrameworksBuildPhase;
			buildActionMask = 2147483647;
			files = (
			);
			runOnlyForDeploymentPostprocessing = 0;
		};
/* End PBXFrameworksBuildPhase section */

/* Begin PBXGroup section */
		A482B5C221F3582100E9DD4F = {
			isa = PBXGroup;
			children = (
				A482B5CD21F3582100E9DD4F /* OCLintTest */,
				A482B5CC21F3582100E9DD4F /* Products */,
			);
			sourceTree = "<group>";
		};
		A482B5CC21F3582100E9DD4F /* Products */ = {
			isa = PBXGroup;
			children = (
				A482B5CB21F3582100E9DD4F /* OCLintTest.app */,
			);
			name = Products;
			sourceTree = "<group>";
		};
		A482B5CD21F3582100E9DD4F /* OCLintTest */ = {
			isa = PBXGroup;
			children = (
				A482B5CE21F3582100E9DD4F /* AppDelegate.h */,
				A482B5CF21F3582100E9DD4F /* AppDelegate.m */,
				A482B5D121F3582100E9DD4F /* ViewController.h */,
				A482B5D221F3582100E9DD4F /* ViewController.m */,
				A482B5EA21F36EFF00E9DD4F /* TestViewModel.h */,
				A482B5EB21F36EFF00E9DD4F /* TestViewModel.m */,
				A482B5D421F3582200E9DD4F /* Assets.xcassets */,
				A482B5D621F3582200E9DD4F /* Main.storyboard */,
				A482B5D921F3582200E9DD4F /* Info.plist */,
				A482B5DA21F3582200E9DD4F /* main.m */,
				A482B5DC21F3582200E9DD4F /* OCLintTest.entitlements */,
			);
			path = OCLintTest;
			sourceTree = "<group>";
		};
/* End PBXGroup section */

/* Begin PBXNativeTarget section */
		A482B5CA21F3582100E9DD4F /* OCLintTest */ = {
			isa = PBXNativeTarget;
			buildConfigurationList = A482B5DF21F3582200E9DD4F /* Build configuration list for PBXNativeTarget "OCLintTest" */;
			buildPhases = (
				A482B5C721F3582100E9DD4F /* Sources */,
				A482B5C821F3582100E9DD4F /* Frameworks */,
				A482B5C921F3582100E9DD4F /* Resources */,
			);
			buildRules = (
			);
			dependencies = (
			);
			name = OCLintTest;
			productName = OCLintTest;
			productReference = A482B5CB21F3582100E9DD4F /* OCLintTest.app */;
			productType = "com.apple.product-type.application";
		};
/* End PBXNativeTarget section */

/* Begin PBXProject section */
		A482B5C321F3582100E9DD4F /* Project object */ = {
			isa = PBXProject;
			attributes = {
				LastUpgradeCheck = 1010;
				ORGANIZATIONNAME = "杨萧玉";
				TargetAttributes = {
					A482B5CA21F3582100E9DD4F = {
						CreatedOnToolsVersion = 10.1;
					};
					A482B5E221F3583600E9DD4F = {
						CreatedOnToolsVersion = 10.1;
					};
				};
			};
			buildConfigurationList = A482B5C621F3582100E9DD4F /* Build configuration list for PBXProject "OCLintTest" */;
			compatibilityVersion = "Xcode 9.3";
			developmentRegion = en;
			hasScannedForEncodings = 0;
			knownRegions = (
				en,
				Base,
			);
			mainGroup = A482B5C221F3582100E9DD4F;
			productRefGroup = A482B5CC21F3582100E9DD4F /* Products */;
			projectDirPath = "";
			projectRoot = "";
			targets = (
				A482B5CA21F3582100E9DD4F /* OCLintTest */,
				A482B5E221F3583600E9DD4F /* oclint */,
			);
		};
/* End PBXProject section */

/* Begin PBXResourcesBuildPhase section */
		A482B5C921F3582100E9DD4F /* Resources */ = {
			isa = PBXResourcesBuildPhase;
			buildActionMask = 2147483647;
			files = (
				A482B5D521F3582200E9DD4F /* Assets.xcassets in Resources */,
				A482B5D821F3582200E9DD4F /* Main.storyboard in Resources */,
			);
			runOnlyForDeploymentPostprocessing = 0;
		};
/* End PBXResourcesBuildPhase section */

/* Begin PBXShellScriptBuildPhase section */
		A482B5E621F3583E00E9DD4F /* ShellScript */ = {
			isa = PBXShellScriptBuildPhase;
			buildActionMask = 2147483647;
			files = (
			);
			inputFileListPaths = (
			);
			inputPaths = (
			);
			outputFileListPaths = (
			);
			outputPaths = (
			);
			runOnlyForDeploymentPostprocessing = 0;
			shellPath = /bin/sh;
			shellScript = "source ~/.bash_profile\ncd ${SRCROOT}\nxcodebuild clean\nxcodebuild | xcpretty -r json-compilation-database --output compile_commands.json\noclint-json-compilation-database -- -report-type xcode\n";
		};
/* End PBXShellScriptBuildPhase section */

/* Begin PBXSourcesBuildPhase section */
		A482B5C721F3582100E9DD4F /* Sources */ = {
			isa = PBXSourcesBuildPhase;
			buildActionMask = 2147483647;
			files = (
				A482B5D321F3582100E9DD4F /* ViewController.m in Sources */,
				A482B5EC21F36EFF00E9DD4F /* TestViewModel.m in Sources */,
				A482B5DB21F3582200E9DD4F /* main.m in Sources */,
				A482B5D021F3582100E9DD4F /* AppDelegate.m in Sources */,
			);
			runOnlyForDeploymentPostprocessing = 0;
		};
/* End PBXSourcesBuildPhase section */

/* Begin PBXVariantGroup section */
		A482B5D621F3582200E9DD4F /* Main.storyboard */ = {
			isa = PBXVariantGroup;
			children = (
				A482B5D721F3582200E9DD4F /* Base */,
			);
			name = Main.storyboard;
			sourceTree = "<group>";
		};
/* End PBXVariantGroup section */

/* Begin XCBuildConfiguration section */
		A482B5DD21F3582200E9DD4F /* Debug */ = {
			isa = XCBuildConfiguration;
			buildSettings = {
				ALWAYS_SEARCH_USER_PATHS = NO;
				CLANG_ANALYZER_NONNULL = YES;
				CLANG_ANALYZER_NUMBER_OBJECT_CONVERSION = YES_AGGRESSIVE;
				CLANG_CXX_LANGUAGE_STANDARD = "gnu++14";
				CLANG_CXX_LIBRARY = "libc++";
				CLANG_ENABLE_MODULES = YES;
				CLANG_ENABLE_OBJC_ARC = YES;
				CLANG_ENABLE_OBJC_WEAK = YES;
				CLANG_WARN_BLOCK_CAPTURE_AUTORELEASING = YES;
				CLANG_WARN_BOOL_CONVERSION = YES;
				CLANG_WARN_COMMA = YES;
				CLANG_WARN_CONSTANT_CONVERSION = YES;
				CLANG_WARN_DEPRECATED_OBJC_IMPLEMENTATIONS = YES;
				CLANG_WARN_DIRECT_OBJC_ISA_USAGE = YES_ERROR;
				CLANG_WARN_DOCUMENTATION_COMMENTS = YES;
				CLANG_WARN_EMPTY_BODY = YES;
				CLANG_WARN_ENUM_CONVERSION = YES;
				CLANG_WARN_INFINITE_RECURSION = YES;
				CLANG_WARN_INT_CONVERSION = YES;
				CLANG_WARN_NON_LITERAL_NULL_CONVERSION = YES;
				CLANG_WARN_OBJC_IMPLICIT_RETAIN_SELF = YES;
				CLANG_WARN_OBJC_LITERAL_CONVERSION = YES;
				CLANG_WARN_OBJC_ROOT_CLASS = YES_ERROR;
				CLANG_WARN_RANGE_LOOP_ANALYSIS = YES;
				CLANG_WARN_STRICT_PROTOTYPES = YES;
				CLANG_WARN_SUSPICIOUS_MOVE = YES;
				CLANG_WARN_UNGUARDED_AVAILABILITY = YES_AGGRESSIVE;
				CLANG_WARN_UNREACHABLE_CODE = YES;
				CLANG_WARN__DUPLICATE_METHOD_MATCH = YES;
				CODE_SIGN_IDENTITY = "Mac Developer";
				COPY_PHASE_STRIP = NO;
				DEBUG_INFORMATION_FORMAT = dwarf;
				ENABLE_STRICT_OBJC_MSGSEND = YES;
				ENABLE_TESTABILITY = YES;
				GCC_C_LANGUAGE_STANDARD = gnu11;
				GCC_DYNAMIC_NO_PIC = NO;
				GCC_NO_COMMON_BLOCKS = YES;
				GCC_OPTIMIZATION_LEVEL = 0;
				GCC_PREPROCESSOR_DEFINITIONS = (
					"DEBUG=1",
					"$(inherited)",
				);
				GCC_WARN_64_TO_32_BIT_CONVERSION = YES;
				GCC_WARN_ABOUT_RETURN_TYPE = YES_ERROR;
				GCC_WARN_UNDECLARED_SELECTOR = YES;
				GCC_WARN_UNINITIALIZED_AUTOS = YES_AGGRESSIVE;
				GCC_WARN_UNUSED_FUNCTION = YES;
				GCC_WARN_UNUSED_VARIABLE = YES;
				MACOSX_DEPLOYMENT_TARGET = 10.14;
				MTL_ENABLE_DEBUG_INFO = INCLUDE_SOURCE;
				MTL_FAST_MATH = YES;
				ONLY_ACTIVE_ARCH = YES;
				SDKROOT = macosx;
			};
			name = Debug;
		};
		A482B5DE21F3582200E9DD4F /* Release */ = {
			isa = XCBuildConfiguration;
			buildSettings = {
				ALWAYS_SEARCH_USER_PATHS = NO;
				CLANG_ANALYZER_NONNULL = YES;
				CLANG_ANALYZER_NUMBER_OBJECT_CONVERSION = YES_AGGRESSIVE;
				CLANG_CXX_LANGUAGE_STANDARD = "gnu++14";
				CLANG_CXX_LIBRARY = "libc++";
				CLANG_ENABLE_MODULES = YES;
				CLANG_ENABLE_OBJC_ARC = YES;
				CLANG_ENABLE_OBJC_WEAK = YES;
				CLANG_WARN_BLOCK_CAPTURE_AUTORELEASING = YES;
				CLANG_WARN_BOOL_CONVERSION = YES;
				CLANG_WARN_COMMA = YES;
				CLANG_WARN_CONSTANT_CONVERSION = YES;
				CLANG_WARN_DEPRECATED_OBJC_IMPLEMENTATIONS = YES;
				CLANG_WARN_DIRECT_OBJC_ISA_USAGE = YES_ERROR;
				CLANG_WARN_DOCUMENTATION_COMMENTS = YES;
				CLANG_WARN_EMPTY_BODY = YES;
				CLANG_WARN_ENUM_CONVERSION = YES;
				CLANG_WARN_INFINITE_RECURSION = YES;
				CLANG_WARN_INT_CONVERSION = YES;
				CLANG_WARN_NON_LITERAL_NULL_CONVERSION = YES;
				CLANG_WARN_OBJC_IMPLICIT_RETAIN_SELF = YES;
				CLANG_WARN_OBJC_LITERAL_CONVERSION = YES;
				CLANG_WARN_OBJC_ROOT_CLASS = YES_ERROR;
				CLANG_WARN_RANGE_LOOP_ANALYSIS = YES;
				CLANG_WARN_STRICT_PROTOTYPES = YES;
				CLANG_WARN_SUSPICIOUS_MOVE = YES;
				CLANG_WARN_UNGUARDED_AVAILABILITY = YES_AGGRESSIVE;
				CLANG_WARN_UNREACHABLE_CODE = YES;
				CLANG_WARN__DUPLICATE_METHOD_MATCH = YES;
				CODE_SIGN_IDENTITY = "Mac Developer";
				COPY_PHASE_STRIP = NO;
				DEBUG_INFORMATION_FORMAT = "dwarf-with-dsym";
				ENABLE_NS_ASSERTIONS = NO;
				ENABLE_STRICT_OBJC_MSGSEND = YES;
				GCC_C_LANGUAGE_STANDARD = gnu11;
				GCC_NO_COMMON_BLOCKS = YES;
				GCC_WARN_64_TO_32_BIT_CONVERSION = YES;
				GCC_WARN_ABOUT_RETURN_TYPE = YES_ERROR;
				GCC_WARN_UNDECLARED_SELECTOR = YES;
				GCC_WARN_UNINITIALIZED_AUTOS = YES_AGGRESSIVE;
				GCC_WARN_UNUSED_FUNCTION = YES;
				GCC_WARN_UNUSED_VARIABLE = YES;
				MACOSX_DEPLOYMENT_TARGET = 10.14;
				MTL_ENABLE_DEBUG_INFO = NO;
				MTL_FAST_MATH = YES;
				SDKROOT = macosx;
			};
			name = Release;
		};
		A482B5E021F3582200E9DD4F /* Debug */ = {
			isa = XCBuildConfiguration;
			buildSettings = {
				ASSETCATALOG_COMPILER_APPICON_NAME = AppIcon;
				CODE_SIGN_ENTITLEMENTS = OCLintTest/OCLintTest.entitlements;
				CODE_SIGN_STYLE = Automatic;
				COMBINE_HIDPI_IMAGES = YES;
				DEVELOPMENT_TEAM = D3RCVUP6VH;
				INFOPLIST_FILE = OCLintTest/Info.plist;
				LD_RUNPATH_SEARCH_PATHS = (
					"$(inherited)",
					"@executable_path/../Frameworks",
				);
				PRODUCT_BUNDLE_IDENTIFIER = com.yulingtianxia.OCLintTest;
				PRODUCT_NAME = "$(TARGET_NAME)";
			};
			name = Debug;
		};
		A482B5E121F3582200E9DD4F /* Release */ = {
			isa = XCBuildConfiguration;
			buildSettings = {
				ASSETCATALOG_COMPILER_APPICON_NAME = AppIcon;
				CODE_SIGN_ENTITLEMENTS = OCLintTest/OCLintTest.entitlements;
				CODE_SIGN_STYLE = Automatic;
				COMBINE_HIDPI_IMAGES = YES;
				DEVELOPMENT_TEAM = D3RCVUP6VH;
				INFOPLIST_FILE = OCLintTest/Info.plist;
				LD_RUNPATH_SEARCH_PATHS = (
					"$(inherited)",
					"@executable_path/../Frameworks",
				);
				PRODUCT_BUNDLE_IDENTIFIER = com.yulingtianxia.OCLintTest;
				PRODUCT_NAME = "$(TARGET_NAME)";
			};
			name = Release;
		};
		A482B5E421F3583600E9DD4F /* Debug */ = {
			isa = XCBuildConfiguration;
			buildSettings = {
				CODE_SIGN_STYLE = Automatic;
				DEVELOPMENT_TEAM = D3RCVUP6VH;
				PRODUCT_NAME = "$(TARGET_NAME)";
			};
			name = Debug;
		};
		A482B5E521F3583600E9DD4F /* Release */ = {
			isa = XCBuildConfiguration;
			buildSettings = {
				CODE_SIGN_STYLE = Automatic;
				DEVELOPMENT_TEAM = D3RCVUP6VH;
				PRODUCT_NAME = "$(TARGET_NAME)";
			};
			name = Release;
		};
/* End XCBuildConfiguration section */

/* Begin XCConfigurationList section */
		A482B5C621F3582100E9DD4F /* Build configuration list for PBXProject "OCLintTest" */ = {
			isa = XCConfigurationList;
			buildConfigurations = (
				A482B5DD21F3582200E9DD4F /* Debug */,
				A482B5DE21F3582200E9DD4F /* Release */,
			);
			defaultConfigurationIsVisible = 0;
			defaultConfigurationName = Release;
		};
		A482B5DF21F3582200E9DD4F /* Build configuration list for PBXNativeTarget "OCLintTest" */ = {
			isa = XCConfigurationList;
			buildConfigurations = (
				A482B5E021F3582200E9DD4F /* Debug */,
				A482B5E121F3582200E9DD4F /* Release */,
			);
			defaultConfigurationIsVisible = 0;
			defaultConfigurationName = Release;
		};
		A482B5E321F3583600E9DD4F /* Build configuration list for PBXAggregateTarget "oclint" */ = {
			isa = XCConfigurationList;
			buildConfigurations = (
				A482B5E421F3583600E9DD4F /* Debug */,
				A482B5E521F3583600E9DD4F /* Release */,
			);
			defaultConfigurationIsVisible = 0;
			defaultConfigurationName = Release;
		};
/* End XCConfigurationList section */
	};
	rootObject = A482B5C321F3582100E9DD4F /* Project object */;
}
